
Microsoft Visual Studio Solution File, Format Version 12.00
# Visual Studio Version 16
VisualStudioVersion = 16.0.30717.126
MinimumVisualStudioVersion = 10.0.40219.1
Project("{8BC9CEB8-8B4A-11D0-8D11-00A0C91BC942}") = "gamee", "gamee\gamee.vcxproj", "{3A409C95-1450-4159-AF56-6BECB6AE0592}"
EndProject
Project("{8BC9CEB8-8B4A-11D0-8D11-00A0C91BC942}") = "sandbox", "Sandbox\sandbox.vcxproj", "{2609E7A9-BC58-4FF9-94DA-A2AACEA4EC7D}"
EndProject
Global
	GlobalSection(SolutionConfigurationPlatforms) = preSolution
		Debug|x64 = Debug|x64
		Release|x64 = Release|x64
	EndGlobalSection
	GlobalSection(ProjectConfigurationPlatforms) = postSolution
		{3A409C95-1450-4159-AF56-6BECB6AE0592}.Debug|x64.ActiveCfg = Debug|x64
		{3A409C95-1450-4159-AF56-6BECB6AE0592}.Debug|x64.Build.0 = Debug|x64
		{3A409C95-1450-4159-AF56-6BECB6AE0592}.Release|x64.ActiveCfg = Release|x64
		{3A409C95-1450-4159-AF56-6BECB6AE0592}.Release|x64.Build.0 = Release|x64
		{2609E7A9-BC58-4FF9-94DA-A2AACEA4EC7D}.Debug|x64.ActiveCfg = Debug|x64
		{2609E7A9-BC58-4FF9-94DA-A2AACEA4EC7D}.Debug|x64.Build.0 = Debug|x64
		{2609E7A9-BC58-4FF9-94DA-A2AACEA4EC7D}.Release|x64.ActiveCfg = Release|x64
		{2609E7A9-BC58-4FF9-94DA-A2AACEA4EC7D}.Release|x64.Build.0 = Release|x64
	EndGlobalSection
	GlobalSection(SolutionProperties) = preSolution
		HideSolutionNode = FALSE
	EndGlobalSection
	GlobalSection(ExtensibilityGlobals) = postSolution
		SolutionGuid = {B8CFE96E-0203-4345-B4E7-92C1AA3BF501}
	EndGlobalSection
EndGlobal
